
Microsoft Visual Studio Solution File, Format Version 12.00
# Visual Studio Version 17
VisualStudioVersion = 17.5.002.0
MinimumVisualStudioVersion = 10.0.40219.1
Project("{9A19103F-16F7-4668-BE54-9A1E7A4F7556}") = "PizzaStore", "PizzaStore\PizzaStore.csproj", "{BAB988DD-65B1-427D-91C5-DB65B6A7089E}"
EndProject
Global
	GlobalSection(SolutionConfigurationPlatforms) = preSolution
		Debug|Any CPU = Debug|Any CPU
		Release|Any CPU = Release|Any CPU
	EndGlobalSection
	GlobalSection(ProjectConfigurationPlatforms) = postSolution
		{BAB988DD-65B1-427D-91C5-DB65B6A7089E}.Debug|Any CPU.ActiveCfg = Debug|Any CPU
		{BAB988DD-65B1-427D-91C5-DB65B6A7089E}.Debug|Any CPU.Build.0 = Debug|Any CPU
		{BAB988DD-65B1-427D-91C5-DB65B6A7089E}.Release|Any CPU.ActiveCfg = Release|Any CPU
		{BAB988DD-65B1-427D-91C5-DB65B6A7089E}.Release|Any CPU.Build.0 = Release|Any CPU
	EndGlobalSection
	GlobalSection(SolutionProperties) = preSolution
		HideSolutionNode = FALSE
	EndGlobalSection
	GlobalSection(ExtensibilityGlobals) = postSolution
		SolutionGuid = {F958E74C-BB00-4303-AC13-13E991BEF8E5}
	EndGlobalSection
EndGlobal
